// !$*UTF8*$!
{
	archiveVersion = 1;
	classes = {
	};
	objectVersion = 46;
	objects = {

/* Begin PBXContainerItemProxy section */
		79B507201CDE16010016C056 /* PBXContainerItemProxy */ = {
			isa = PBXContainerItemProxy;
			containerPortal = 79B507131CDE16010016C056 /* SocketRocket.xcodeproj */;
			proxyType = 2;
			remoteGlobalIDString = F6B2082D1450F597009315AF;
			remoteInfo = SocketRocket;
		};
		79B507221CDE16010016C056 /* PBXContainerItemProxy */ = {
			isa = PBXContainerItemProxy;
			containerPortal = 79B507131CDE16010016C056 /* SocketRocket.xcodeproj */;
			proxyType = 2;
			remoteGlobalIDString = 2D4227621BB4358C000C1A6C;
			remoteInfo = "SocketRocket-iOS";
		};
		79B507241CDE16010016C056 /* PBXContainerItemProxy */ = {
			isa = PBXContainerItemProxy;
			containerPortal = 79B507131CDE16010016C056 /* SocketRocket.xcodeproj */;
			proxyType = 2;
			remoteGlobalIDString = F668C880153E91210044DBAC;
			remoteInfo = "SocketRocket-OSX";
		};
		79B507261CDE16010016C056 /* PBXContainerItemProxy */ = {
			isa = PBXContainerItemProxy;
			containerPortal = 79B507131CDE16010016C056 /* SocketRocket.xcodeproj */;
			proxyType = 2;
			remoteGlobalIDString = 3345DC901C52ACD70083CCB8;
			remoteInfo = "SocketRocket-tvOS";
		};
		79B507281CDE16010016C056 /* PBXContainerItemProxy */ = {
			isa = PBXContainerItemProxy;
			containerPortal = 79B507131CDE16010016C056 /* SocketRocket.xcodeproj */;
			proxyType = 2;
			remoteGlobalIDString = F6BDA802145900D200FE3253;
			remoteInfo = SRWebSocketTests;
		};
		79B5072A1CDE16010016C056 /* PBXContainerItemProxy */ = {
			isa = PBXContainerItemProxy;
			containerPortal = 79B507131CDE16010016C056 /* SocketRocket.xcodeproj */;
			proxyType = 2;
			remoteGlobalIDString = F62417E314D52F3C003CE997;
			remoteInfo = TestChat;
		};
/* End PBXContainerItemProxy section */

/* Begin PBXFileReference section */
		79B507041CDE16010016C056 /* .DS_Store */ = {isa = PBXFileReference; lastKnownFileType = file; path = .DS_Store; sourceTree = "<group>"; };
		79B507051CDE16010016C056 /* .gitignore */ = {isa = PBXFileReference; lastKnownFileType = text; path = .gitignore; sourceTree = "<group>"; };
		79B507061CDE16010016C056 /* .gitmodules */ = {isa = PBXFileReference; lastKnownFileType = text; path = .gitmodules; sourceTree = "<group>"; };
		79B507071CDE16010016C056 /* .travis.yml */ = {isa = PBXFileReference; lastKnownFileType = text; path = .travis.yml; sourceTree = "<group>"; };
		79B507081CDE16010016C056 /* Contributing.md */ = {isa = PBXFileReference; lastKnownFileType = net.daringfireball.markdown; path = Contributing.md; sourceTree = "<group>"; };
		79B507091CDE16010016C056 /* extern */ = {isa = PBXFileReference; lastKnownFileType = folder; path = extern; sourceTree = "<group>"; };
		79B5070A1CDE16010016C056 /* Gemfile */ = {isa = PBXFileReference; lastKnownFileType = text; path = Gemfile; sourceTree = "<group>"; };
		79B5070B1CDE16010016C056 /* LICENSE */ = {isa = PBXFileReference; lastKnownFileType = text; path = LICENSE; sourceTree = "<group>"; };
		79B5070C1CDE16010016C056 /* LICENSE-examples */ = {isa = PBXFileReference; lastKnownFileType = text; path = "LICENSE-examples"; sourceTree = "<group>"; };
		79B5070D1CDE16010016C056 /* Makefile */ = {isa = PBXFileReference; lastKnownFileType = sourcecode.make; path = Makefile; sourceTree = "<group>"; };
		79B5070E1CDE16010016C056 /* pages */ = {isa = PBXFileReference; lastKnownFileType = folder; path = pages; sourceTree = "<group>"; };
		79B5070F1CDE16010016C056 /* PATENTS */ = {isa = PBXFileReference; lastKnownFileType = text; path = PATENTS; sourceTree = "<group>"; };
		79B507101CDE16010016C056 /* README.rst */ = {isa = PBXFileReference; lastKnownFileType = text; path = README.rst; sourceTree = "<group>"; };
		79B507111CDE16010016C056 /* SocketRocket */ = {isa = PBXFileReference; lastKnownFileType = folder; path = SocketRocket; sourceTree = "<group>"; };
		79B507121CDE16010016C056 /* SocketRocket.podspec */ = {isa = PBXFileReference; lastKnownFileType = text; path = SocketRocket.podspec; sourceTree = "<group>"; };
		79B507131CDE16010016C056 /* SocketRocket.xcodeproj */ = {isa = PBXFileReference; lastKnownFileType = "wrapper.pb-project"; path = SocketRocket.xcodeproj; sourceTree = "<group>"; };
		79B507161CDE16010016C056 /* SRWebSocketTests */ = {isa = PBXFileReference; lastKnownFileType = folder; path = SRWebSocketTests; sourceTree = "<group>"; };
		79B507171CDE16010016C056 /* TestChat */ = {isa = PBXFileReference; lastKnownFileType = folder; path = TestChat; sourceTree = "<group>"; };
		79B507181CDE16010016C056 /* TestChatServer */ = {isa = PBXFileReference; lastKnownFileType = folder; path = TestChatServer; sourceTree = "<group>"; };
		79B507191CDE16010016C056 /* TestSupport */ = {isa = PBXFileReference; lastKnownFileType = folder; path = TestSupport; sourceTree = "<group>"; };
/* End PBXFileReference section */

/* Begin PBXGroup section */
		79B506FE1CDE16010016C056 = {
			isa = PBXGroup;
			children = (
				79B507041CDE16010016C056 /* .DS_Store */,
				79B507051CDE16010016C056 /* .gitignore */,
				79B507061CDE16010016C056 /* .gitmodules */,
				79B507071CDE16010016C056 /* .travis.yml */,
				79B507081CDE16010016C056 /* Contributing.md */,
				79B507091CDE16010016C056 /* extern */,
				79B5070A1CDE16010016C056 /* Gemfile */,
				79B5070B1CDE16010016C056 /* LICENSE */,
				79B5070C1CDE16010016C056 /* LICENSE-examples */,
				79B5070D1CDE16010016C056 /* Makefile */,
				79B5070E1CDE16010016C056 /* pages */,
				79B5070F1CDE16010016C056 /* PATENTS */,
				79B507101CDE16010016C056 /* README.rst */,
				79B507111CDE16010016C056 /* SocketRocket */,
				79B507121CDE16010016C056 /* SocketRocket.podspec */,
				79B507131CDE16010016C056 /* SocketRocket.xcodeproj */,
				79B507161CDE16010016C056 /* SRWebSocketTests */,
				79B507171CDE16010016C056 /* TestChat */,
				79B507181CDE16010016C056 /* TestChatServer */,
				79B507191CDE16010016C056 /* TestSupport */,
			);
			sourceTree = "<group>";
		};
		79B507141CDE16010016C056 /* Products */ = {
			isa = PBXGroup;
			children = (
				79B507211CDE16010016C056 /* libSocketRocket.a */,
				79B507231CDE16010016C056 /* SocketRocket.framework */,
				79B507251CDE16010016C056 /* SocketRocket.framework */,
				79B507271CDE16010016C056 /* SocketRocket.framework */,
				79B507291CDE16010016C056 /* SRWebSocketTests.xctest */,
				79B5072B1CDE16010016C056 /* TestChat.app */,
			);
			name = Products;
			sourceTree = "<group>";
		};
/* End PBXGroup section */

/* Begin PBXLegacyTarget section */
		79B507031CDE16010016C056 /* SocketRocket */ = {
			isa = PBXLegacyTarget;
			buildArgumentsString = "$(ACTION)";
			buildConfigurationList = 79B5072C1CDE16010016C056 /* Build configuration list for PBXLegacyTarget "SocketRocket" */;
			buildPhases = (
			);
			buildToolPath = /usr/bin/make;
			buildWorkingDirectory = "/Users/shonetesmith/Desktop/project_poop/Ōarai/SocketRocket";
			dependencies = (
			);
			name = SocketRocket;
			passBuildSettingsInEnvironment = 1;
			productName = SocketRocket;
		};
/* End PBXLegacyTarget section */

/* Begin PBXProject section */
		79B506FF1CDE16010016C056 /* Project object */ = {
			isa = PBXProject;
			attributes = {
			};
			buildConfigurationList = 79B507021CDE16010016C056 /* Build configuration list for PBXProject "SocketRocket 2" */;
			compatibilityVersion = "Xcode 3.2";
			developmentRegion = English;
			hasScannedForEncodings = 0;
			knownRegions = (
				en,
			);
			mainGroup = 79B506FE1CDE16010016C056;
			projectDirPath = "";
			projectReferences = (
				{
					ProductGroup = 79B507141CDE16010016C056 /* Products */;
					ProjectRef = 79B507131CDE16010016C056 /* SocketRocket.xcodeproj */;
				},
			);
			projectRoot = "";
			targets = (
				79B507031CDE16010016C056 /* SocketRocket */,
			);
		};
/* End PBXProject section */

/* Begin PBXReferenceProxy section */
		79B507211CDE16010016C056 /* libSocketRocket.a */ = {
			isa = PBXReferenceProxy;
			fileType = archive.ar;
			path = libSocketRocket.a;
			remoteRef = 79B507201CDE16010016C056 /* PBXContainerItemProxy */;
			sourceTree = BUILT_PRODUCTS_DIR;
		};
		79B507231CDE16010016C056 /* SocketRocket.framework */ = {
			isa = PBXReferenceProxy;
			fileType = wrapper.framework;
			path = SocketRocket.framework;
			remoteRef = 79B507221CDE16010016C056 /* PBXContainerItemProxy */;
			sourceTree = BUILT_PRODUCTS_DIR;
		};
		79B507251CDE16010016C056 /* SocketRocket.framework */ = {
			isa = PBXReferenceProxy;
			fileType = wrapper.framework;
			path = SocketRocket.framework;
			remoteRef = 79B507241CDE16010016C056 /* PBXContainerItemProxy */;
			sourceTree = BUILT_PRODUCTS_DIR;
		};
		79B507271CDE16010016C056 /* SocketRocket.framework */ = {
			isa = PBXReferenceProxy;
			fileType = wrapper.framework;
			path = SocketRocket.framework;
			remoteRef = 79B507261CDE16010016C056 /* PBXContainerItemProxy */;
			sourceTree = BUILT_PRODUCTS_DIR;
		};
		79B507291CDE16010016C056 /* SRWebSocketTests.xctest */ = {
			isa = PBXReferenceProxy;
			fileType = wrapper.cfbundle;
			path = SRWebSocketTests.xctest;
			remoteRef = 79B507281CDE16010016C056 /* PBXContainerItemProxy */;
			sourceTree = BUILT_PRODUCTS_DIR;
		};
		79B5072B1CDE16010016C056 /* TestChat.app */ = {
			isa = PBXReferenceProxy;
			fileType = wrapper.application;
			path = TestChat.app;
			remoteRef = 79B5072A1CDE16010016C056 /* PBXContainerItemProxy */;
			sourceTree = BUILT_PRODUCTS_DIR;
		};
/* End PBXReferenceProxy section */

/* Begin XCBuildConfiguration section */
		79B507001CDE16010016C056 /* Debug */ = {
			isa = XCBuildConfiguration;
			buildSettings = {
				ARCHS = "$(ARCHS_STANDARD_32_BIT)";
				COPY_PHASE_STRIP = NO;
				GCC_WARN_ABOUT_RETURN_TYPE = YES;
				GCC_WARN_UNUSED_VARIABLE = YES;
				ONLY_ACTIVE_ARCH = YES;
				SDKROOT = macosx10.6;
			};
			name = Debug;
		};
		79B507011CDE16010016C056 /* Release */ = {
			isa = XCBuildConfiguration;
			buildSettings = {
				ARCHS = "$(ARCHS_STANDARD_32_BIT)";
				COPY_PHASE_STRIP = YES;
				GCC_WARN_ABOUT_RETURN_TYPE = YES;
				GCC_WARN_UNUSED_VARIABLE = YES;
				SDKROOT = macosx10.6;
			};
			name = Release;
		};
		79B5072D1CDE16010016C056 /* Debug */ = {
			isa = XCBuildConfiguration;
			buildSettings = {
				COPY_PHASE_STRIP = NO;
				DEBUGGING_SYMBOLS = YES;
				GCC_DYNAMIC_NO_PIC = NO;
				GCC_ENABLE_FIX_AND_CONTINUE = YES;
				GCC_GENERATE_DEBUGGING_SYMBOLS = YES;
				GCC_OPTIMIZATION_LEVEL = 0;
				OTHER_CFLAGS = "";
				OTHER_LDFLAGS = "";
				PRODUCT_NAME = SocketRocket;
			};
			name = Debug;
		};
		79B5072E1CDE16010016C056 /* Release */ = {
			isa = XCBuildConfiguration;
			buildSettings = {
				COPY_PHASE_STRIP = YES;
				DEBUG_INFORMATION_FORMAT = "dwarf-with-dsym";
				GCC_ENABLE_FIX_AND_CONTINUE = NO;
				OTHER_CFLAGS = "";
				OTHER_LDFLAGS = "";
				PRODUCT_NAME = SocketRocket;
			};
			name = Release;
		};
/* End XCBuildConfiguration section */

/* Begin XCConfigurationList section */
		79B507021CDE16010016C056 /* Build configuration list for PBXProject "SocketRocket 2" */ = {
			isa = XCConfigurationList;
			buildConfigurations = (
				79B507001CDE16010016C056 /* Debug */,
				79B507011CDE16010016C056 /* Release */,
			);
			defaultConfigurationIsVisible = 0;
			defaultConfigurationName = Release;
		};
		79B5072C1CDE16010016C056 /* Build configuration list for PBXLegacyTarget "SocketRocket" */ = {
			isa = XCConfigurationList;
			buildConfigurations = (
				79B5072D1CDE16010016C056 /* Debug */,
				79B5072E1CDE16010016C056 /* Release */,
			);
			defaultConfigurationIsVisible = 0;
			defaultConfigurationName = Release;
		};
/* End XCConfigurationList section */
	};
	rootObject = 79B506FF1CDE16010016C056 /* Project object */;
}
